// !$*UTF8*$!
{
	archiveVersion = 1;
	classes = {
	};
	objectVersion = 55;
	objects = {

/* Begin PBXBuildFile section */
		58131FF02868FF9700194630 /* subViews.swift in Sources */ = {isa = PBXBuildFile; fileRef = 58131FEF2868FF9700194630 /* subViews.swift */; };
		58750BAE286A087000B5F4CE /* MoviesResults.swift in Sources */ = {isa = PBXBuildFile; fileRef = 58750BAD286A087000B5F4CE /* MoviesResults.swift */; };
		58A870B4286A5C300041B840 /* The_Benedict_Cumberbatch_AppTests.swift in Sources */ = {isa = PBXBuildFile; fileRef = 58A870B3286A5C300041B840 /* The_Benedict_Cumberbatch_AppTests.swift */; };
		58A870C1286A6A980041B840 /* The_Benedict_Cumberbatch_AppUITests.swift in Sources */ = {isa = PBXBuildFile; fileRef = 58A870C0286A6A980041B840 /* The_Benedict_Cumberbatch_AppUITests.swift */; };
		58A870C3286A6A980041B840 /* The_Benedict_Cumberbatch_AppUITestsLaunchTests.swift in Sources */ = {isa = PBXBuildFile; fileRef = 58A870C2286A6A980041B840 /* The_Benedict_Cumberbatch_AppUITestsLaunchTests.swift */; };
		58BF74D12865FA5C00A471B9 /* AppDelegate.swift in Sources */ = {isa = PBXBuildFile; fileRef = 58BF74D02865FA5C00A471B9 /* AppDelegate.swift */; };
		58BF74D32865FA5C00A471B9 /* SceneDelegate.swift in Sources */ = {isa = PBXBuildFile; fileRef = 58BF74D22865FA5C00A471B9 /* SceneDelegate.swift */; };
		58BF74D52865FA5C00A471B9 /* CumberbatchViewController.swift in Sources */ = {isa = PBXBuildFile; fileRef = 58BF74D42865FA5C00A471B9 /* CumberbatchViewController.swift */; };
		58BF74DB2865FA5C00A471B9 /* The_Benedict_Cumberbatch_App.xcdatamodeld in Sources */ = {isa = PBXBuildFile; fileRef = 58BF74D92865FA5C00A471B9 /* The_Benedict_Cumberbatch_App.xcdatamodeld */; };
		58BF74DD2865FA5D00A471B9 /* Assets.xcassets in Resources */ = {isa = PBXBuildFile; fileRef = 58BF74DC2865FA5D00A471B9 /* Assets.xcassets */; };
		58BF74E02865FA5D00A471B9 /* LaunchScreen.storyboard in Resources */ = {isa = PBXBuildFile; fileRef = 58BF74DE2865FA5D00A471B9 /* LaunchScreen.storyboard */; };
		58EBB1F92865FC35004AA444 /* MovieCast.swift in Sources */ = {isa = PBXBuildFile; fileRef = 58EBB1F82865FC35004AA444 /* MovieCast.swift */; };
		58EBB1FB2865FC5F004AA444 /* CumberbatchMovies.swift in Sources */ = {isa = PBXBuildFile; fileRef = 58EBB1FA2865FC5F004AA444 /* CumberbatchMovies.swift */; };
		58EBB1FF2866043F004AA444 /* LoadCumberbatchMovies.swift in Sources */ = {isa = PBXBuildFile; fileRef = 58EBB1FE2866043F004AA444 /* LoadCumberbatchMovies.swift */; };
		58EBB20128663E1F004AA444 /* movieCell.swift in Sources */ = {isa = PBXBuildFile; fileRef = 58EBB20028663E1F004AA444 /* movieCell.swift */; };
		58EBB2032866437C004AA444 /* UIView.swift in Sources */ = {isa = PBXBuildFile; fileRef = 58EBB2022866437C004AA444 /* UIView.swift */; };
		58EBB2062866545B004AA444 /* MovieDetailsViewController.swift in Sources */ = {isa = PBXBuildFile; fileRef = 58EBB2052866545B004AA444 /* MovieDetailsViewController.swift */; };
/* End PBXBuildFile section */

/* Begin PBXContainerItemProxy section */
		58A870B5286A5C300041B840 /* PBXContainerItemProxy */ = {
			isa = PBXContainerItemProxy;
			containerPortal = 58BF74C52865FA5C00A471B9 /* Project object */;
			proxyType = 1;
			remoteGlobalIDString = 58BF74CC2865FA5C00A471B9;
			remoteInfo = "The Benedict Cumberbatch App";
		};
		58A870C4286A6A980041B840 /* PBXContainerItemProxy */ = {
			isa = PBXContainerItemProxy;
			containerPortal = 58BF74C52865FA5C00A471B9 /* Project object */;
			proxyType = 1;
			remoteGlobalIDString = 58BF74CC2865FA5C00A471B9;
			remoteInfo = "The Benedict Cumberbatch App";
		};
/* End PBXContainerItemProxy section */

/* Begin PBXFileReference section */
		58131FEF2868FF9700194630 /* subViews.swift */ = {isa = PBXFileReference; lastKnownFileType = sourcecode.swift; path = subViews.swift; sourceTree = "<group>"; };
		58750BAD286A087000B5F4CE /* MoviesResults.swift */ = {isa = PBXFileReference; lastKnownFileType = sourcecode.swift; path = MoviesResults.swift; sourceTree = "<group>"; };
		58A870B1286A5C300041B840 /* The Benedict Cumberbatch AppTests.xctest */ = {isa = PBXFileReference; explicitFileType = wrapper.cfbundle; includeInIndex = 0; path = "The Benedict Cumberbatch AppTests.xctest"; sourceTree = BUILT_PRODUCTS_DIR; };
		58A870B3286A5C300041B840 /* The_Benedict_Cumberbatch_AppTests.swift */ = {isa = PBXFileReference; lastKnownFileType = sourcecode.swift; path = The_Benedict_Cumberbatch_AppTests.swift; sourceTree = "<group>"; };
		58A870BE286A6A980041B840 /* The Benedict Cumberbatch AppUITests.xctest */ = {isa = PBXFileReference; explicitFileType = wrapper.cfbundle; includeInIndex = 0; path = "The Benedict Cumberbatch AppUITests.xctest"; sourceTree = BUILT_PRODUCTS_DIR; };
		58A870C0286A6A980041B840 /* The_Benedict_Cumberbatch_AppUITests.swift */ = {isa = PBXFileReference; lastKnownFileType = sourcecode.swift; path = The_Benedict_Cumberbatch_AppUITests.swift; sourceTree = "<group>"; };
		58A870C2286A6A980041B840 /* The_Benedict_Cumberbatch_AppUITestsLaunchTests.swift */ = {isa = PBXFileReference; lastKnownFileType = sourcecode.swift; path = The_Benedict_Cumberbatch_AppUITestsLaunchTests.swift; sourceTree = "<group>"; };
		58BF74CD2865FA5C00A471B9 /* The Benedict Cumberbatch App.app */ = {isa = PBXFileReference; explicitFileType = wrapper.application; includeInIndex = 0; path = "The Benedict Cumberbatch App.app"; sourceTree = BUILT_PRODUCTS_DIR; };
		58BF74D02865FA5C00A471B9 /* AppDelegate.swift */ = {isa = PBXFileReference; lastKnownFileType = sourcecode.swift; path = AppDelegate.swift; sourceTree = "<group>"; };
		58BF74D22865FA5C00A471B9 /* SceneDelegate.swift */ = {isa = PBXFileReference; lastKnownFileType = sourcecode.swift; path = SceneDelegate.swift; sourceTree = "<group>"; };
		58BF74D42865FA5C00A471B9 /* CumberbatchViewController.swift */ = {isa = PBXFileReference; lastKnownFileType = sourcecode.swift; path = CumberbatchViewController.swift; sourceTree = "<group>"; };
		58BF74DA2865FA5C00A471B9 /* The_Benedict_Cumberbatch_App.xcdatamodel */ = {isa = PBXFileReference; lastKnownFileType = wrapper.xcdatamodel; path = The_Benedict_Cumberbatch_App.xcdatamodel; sourceTree = "<group>"; };
		58BF74DC2865FA5D00A471B9 /* Assets.xcassets */ = {isa = PBXFileReference; lastKnownFileType = folder.assetcatalog; path = Assets.xcassets; sourceTree = "<group>"; };
		58BF74DF2865FA5D00A471B9 /* Base */ = {isa = PBXFileReference; lastKnownFileType = file.storyboard; name = Base; path = Base.lproj/LaunchScreen.storyboard; sourceTree = "<group>"; };
		58BF74E12865FA5D00A471B9 /* Info.plist */ = {isa = PBXFileReference; lastKnownFileType = text.plist.xml; path = Info.plist; sourceTree = "<group>"; };
		58EBB1F82865FC35004AA444 /* MovieCast.swift */ = {isa = PBXFileReference; lastKnownFileType = sourcecode.swift; path = MovieCast.swift; sourceTree = "<group>"; };
		58EBB1FA2865FC5F004AA444 /* CumberbatchMovies.swift */ = {isa = PBXFileReference; lastKnownFileType = sourcecode.swift; path = CumberbatchMovies.swift; sourceTree = "<group>"; };
		58EBB1FE2866043F004AA444 /* LoadCumberbatchMovies.swift */ = {isa = PBXFileReference; lastKnownFileType = sourcecode.swift; path = LoadCumberbatchMovies.swift; sourceTree = "<group>"; };
		58EBB20028663E1F004AA444 /* movieCell.swift */ = {isa = PBXFileReference; lastKnownFileType = sourcecode.swift; path = movieCell.swift; sourceTree = "<group>"; };
		58EBB2022866437C004AA444 /* UIView.swift */ = {isa = PBXFileReference; lastKnownFileType = sourcecode.swift; path = UIView.swift; sourceTree = "<group>"; };
		58EBB2052866545B004AA444 /* MovieDetailsViewController.swift */ = {isa = PBXFileReference; lastKnownFileType = sourcecode.swift; path = MovieDetailsViewController.swift; sourceTree = "<group>"; };
/* End PBXFileReference section */

/* Begin PBXFrameworksBuildPhase section */
		58A870AE286A5C300041B840 /* Frameworks */ = {
			isa = PBXFrameworksBuildPhase;
			buildActionMask = 2147483647;
			files = (
			);
			runOnlyForDeploymentPostprocessing = 0;
		};
		58A870BB286A6A980041B840 /* Frameworks */ = {
			isa = PBXFrameworksBuildPhase;
			buildActionMask = 2147483647;
			files = (
			);
			runOnlyForDeploymentPostprocessing = 0;
		};
		58BF74CA2865FA5C00A471B9 /* Frameworks */ = {
			isa = PBXFrameworksBuildPhase;
			buildActionMask = 2147483647;
			files = (
			);
			runOnlyForDeploymentPostprocessing = 0;
		};
/* End PBXFrameworksBuildPhase section */

/* Begin PBXGroup section */
		58A870B2286A5C300041B840 /* The Benedict Cumberbatch AppTests */ = {
			isa = PBXGroup;
			children = (
				58A870B3286A5C300041B840 /* The_Benedict_Cumberbatch_AppTests.swift */,
			);
			path = "The Benedict Cumberbatch AppTests";
			sourceTree = "<group>";
		};
		58A870BF286A6A980041B840 /* The Benedict Cumberbatch AppUITests */ = {
			isa = PBXGroup;
			children = (
				58A870C0286A6A980041B840 /* The_Benedict_Cumberbatch_AppUITests.swift */,
				58A870C2286A6A980041B840 /* The_Benedict_Cumberbatch_AppUITestsLaunchTests.swift */,
			);
			path = "The Benedict Cumberbatch AppUITests";
			sourceTree = "<group>";
		};
		58BF74C42865FA5C00A471B9 = {
			isa = PBXGroup;
			children = (
				58BF74CF2865FA5C00A471B9 /* The Benedict Cumberbatch App */,
				58A870B2286A5C300041B840 /* The Benedict Cumberbatch AppTests */,
				58A870BF286A6A980041B840 /* The Benedict Cumberbatch AppUITests */,
				58BF74CE2865FA5C00A471B9 /* Products */,
			);
			sourceTree = "<group>";
		};
		58BF74CE2865FA5C00A471B9 /* Products */ = {
			isa = PBXGroup;
			children = (
				58BF74CD2865FA5C00A471B9 /* The Benedict Cumberbatch App.app */,
				58A870B1286A5C300041B840 /* The Benedict Cumberbatch AppTests.xctest */,
				58A870BE286A6A980041B840 /* The Benedict Cumberbatch AppUITests.xctest */,
			);
			name = Products;
			sourceTree = "<group>";
		};
		58BF74CF2865FA5C00A471B9 /* The Benedict Cumberbatch App */ = {
			isa = PBXGroup;
			children = (
				58EBB1FD2866041E004AA444 /* ViewModel */,
				58EBB1FC2865FCF7004AA444 /* View */,
				58EBB1F72865FBFC004AA444 /* Model */,
				58BF74D02865FA5C00A471B9 /* AppDelegate.swift */,
				58BF74D22865FA5C00A471B9 /* SceneDelegate.swift */,
				58BF74DC2865FA5D00A471B9 /* Assets.xcassets */,
				58BF74DE2865FA5D00A471B9 /* LaunchScreen.storyboard */,
				58BF74E12865FA5D00A471B9 /* Info.plist */,
				58BF74D92865FA5C00A471B9 /* The_Benedict_Cumberbatch_App.xcdatamodeld */,
			);
			path = "The Benedict Cumberbatch App";
			sourceTree = "<group>";
		};
		58EBB1F72865FBFC004AA444 /* Model */ = {
			isa = PBXGroup;
			children = (
				58EBB1F82865FC35004AA444 /* MovieCast.swift */,
				58EBB1FA2865FC5F004AA444 /* CumberbatchMovies.swift */,
				58750BAD286A087000B5F4CE /* MoviesResults.swift */,
			);
			path = Model;
			sourceTree = "<group>";
		};
		58EBB1FC2865FCF7004AA444 /* View */ = {
			isa = PBXGroup;
			children = (
				58EBB2082866572F004AA444 /* MovieDetails */,
				58EBB20728665714004AA444 /* List of Movies */,
				58EBB2022866437C004AA444 /* UIView.swift */,
			);
			path = View;
			sourceTree = "<group>";
		};
		58EBB1FD2866041E004AA444 /* ViewModel */ = {
			isa = PBXGroup;
			children = (
				58EBB1FE2866043F004AA444 /* LoadCumberbatchMovies.swift */,
			);
			path = ViewModel;
			sourceTree = "<group>";
		};
		58EBB20728665714004AA444 /* List of Movies */ = {
			isa = PBXGroup;
			children = (
				58EBB20028663E1F004AA444 /* movieCell.swift */,
				58BF74D42865FA5C00A471B9 /* CumberbatchViewController.swift */,
			);
			path = "List of Movies";
			sourceTree = "<group>";
		};
		58EBB2082866572F004AA444 /* MovieDetails */ = {
			isa = PBXGroup;
			children = (
				58EBB2052866545B004AA444 /* MovieDetailsViewController.swift */,
				58131FEF2868FF9700194630 /* subViews.swift */,
			);
			path = MovieDetails;
			sourceTree = "<group>";
		};
/* End PBXGroup section */

/* Begin PBXNativeTarget section */
		58A870B0286A5C300041B840 /* The Benedict Cumberbatch AppTests */ = {
			isa = PBXNativeTarget;
			buildConfigurationList = 58A870B9286A5C300041B840 /* Build configuration list for PBXNativeTarget "The Benedict Cumberbatch AppTests" */;
			buildPhases = (
				58A870AD286A5C300041B840 /* Sources */,
				58A870AE286A5C300041B840 /* Frameworks */,
				58A870AF286A5C300041B840 /* Resources */,
			);
			buildRules = (
			);
			dependencies = (
				58A870B6286A5C300041B840 /* PBXTargetDependency */,
			);
			name = "The Benedict Cumberbatch AppTests";
			productName = "The Benedict Cumberbatch AppTests";
			productReference = 58A870B1286A5C300041B840 /* The Benedict Cumberbatch AppTests.xctest */;
			productType = "com.apple.product-type.bundle.unit-test";
		};
		58A870BD286A6A980041B840 /* The Benedict Cumberbatch AppUITests */ = {
			isa = PBXNativeTarget;
			buildConfigurationList = 58A870C6286A6A980041B840 /* Build configuration list for PBXNativeTarget "The Benedict Cumberbatch AppUITests" */;
			buildPhases = (
				58A870BA286A6A980041B840 /* Sources */,
				58A870BB286A6A980041B840 /* Frameworks */,
				58A870BC286A6A980041B840 /* Resources */,
			);
			buildRules = (
			);
			dependencies = (
				58A870C5286A6A980041B840 /* PBXTargetDependency */,
			);
			name = "The Benedict Cumberbatch AppUITests";
			productName = "The Benedict Cumberbatch AppUITests";
			productReference = 58A870BE286A6A980041B840 /* The Benedict Cumberbatch AppUITests.xctest */;
			productType = "com.apple.product-type.bundle.ui-testing";
		};
		58BF74CC2865FA5C00A471B9 /* The Benedict Cumberbatch App */ = {
			isa = PBXNativeTarget;
			buildConfigurationList = 58BF74E42865FA5D00A471B9 /* Build configuration list for PBXNativeTarget "The Benedict Cumberbatch App" */;
			buildPhases = (
				58BF74C92865FA5C00A471B9 /* Sources */,
				58BF74CA2865FA5C00A471B9 /* Frameworks */,
				58BF74CB2865FA5C00A471B9 /* Resources */,
			);
			buildRules = (
			);
			dependencies = (
			);
			name = "The Benedict Cumberbatch App";
			productName = "The Benedict Cumberbatch App";
			productReference = 58BF74CD2865FA5C00A471B9 /* The Benedict Cumberbatch App.app */;
			productType = "com.apple.product-type.application";
		};
/* End PBXNativeTarget section */

/* Begin PBXProject section */
		58BF74C52865FA5C00A471B9 /* Project object */ = {
			isa = PBXProject;
			attributes = {
				BuildIndependentTargetsInParallel = 1;
				LastSwiftUpdateCheck = 1320;
				LastUpgradeCheck = 1320;
				TargetAttributes = {
					58A870B0286A5C300041B840 = {
						CreatedOnToolsVersion = 13.2.1;
						TestTargetID = 58BF74CC2865FA5C00A471B9;
					};
					58A870BD286A6A980041B840 = {
						CreatedOnToolsVersion = 13.2.1;
						TestTargetID = 58BF74CC2865FA5C00A471B9;
					};
					58BF74CC2865FA5C00A471B9 = {
						CreatedOnToolsVersion = 13.2.1;
					};
				};
			};
			buildConfigurationList = 58BF74C82865FA5C00A471B9 /* Build configuration list for PBXProject "The Benedict Cumberbatch App" */;
			compatibilityVersion = "Xcode 13.0";
			developmentRegion = en;
			hasScannedForEncodings = 0;
			knownRegions = (
				en,
				Base,
			);
			mainGroup = 58BF74C42865FA5C00A471B9;
			productRefGroup = 58BF74CE2865FA5C00A471B9 /* Products */;
			projectDirPath = "";
			projectRoot = "";
			targets = (
				58BF74CC2865FA5C00A471B9 /* The Benedict Cumberbatch App */,
				58A870B0286A5C300041B840 /* The Benedict Cumberbatch AppTests */,
				58A870BD286A6A980041B840 /* The Benedict Cumberbatch AppUITests */,
			);
		};
/* End PBXProject section */

/* Begin PBXResourcesBuildPhase section */
		58A870AF286A5C300041B840 /* Resources */ = {
			isa = PBXResourcesBuildPhase;
			buildActionMask = 2147483647;
			files = (
			);
			runOnlyForDeploymentPostprocessing = 0;
		};
		58A870BC286A6A980041B840 /* Resources */ = {
			isa = PBXResourcesBuildPhase;
			buildActionMask = 2147483647;
			files = (
			);
			runOnlyForDeploymentPostprocessing = 0;
		};
		58BF74CB2865FA5C00A471B9 /* Resources */ = {
			isa = PBXResourcesBuildPhase;
			buildActionMask = 2147483647;
			files = (
				58BF74E02865FA5D00A471B9 /* LaunchScreen.storyboard in Resources */,
				58BF74DD2865FA5D00A471B9 /* Assets.xcassets in Resources */,
			);
			runOnlyForDeploymentPostprocessing = 0;
		};
/* End PBXResourcesBuildPhase section */

/* Begin PBXSourcesBuildPhase section */
		58A870AD286A5C300041B840 /* Sources */ = {
			isa = PBXSourcesBuildPhase;
			buildActionMask = 2147483647;
			files = (
				58A870B4286A5C300041B840 /* The_Benedict_Cumberbatch_AppTests.swift in Sources */,
			);
			runOnlyForDeploymentPostprocessing = 0;
		};
		58A870BA286A6A980041B840 /* Sources */ = {
			isa = PBXSourcesBuildPhase;
			buildActionMask = 2147483647;
			files = (
				58A870C1286A6A980041B840 /* The_Benedict_Cumberbatch_AppUITests.swift in Sources */,
				58A870C3286A6A980041B840 /* The_Benedict_Cumberbatch_AppUITestsLaunchTests.swift in Sources */,
			);
			runOnlyForDeploymentPostprocessing = 0;
		};
		58BF74C92865FA5C00A471B9 /* Sources */ = {
			isa = PBXSourcesBuildPhase;
			buildActionMask = 2147483647;
			files = (
				58EBB1F92865FC35004AA444 /* MovieCast.swift in Sources */,
				58EBB1FB2865FC5F004AA444 /* CumberbatchMovies.swift in Sources */,
				58EBB20128663E1F004AA444 /* movieCell.swift in Sources */,
				58131FF02868FF9700194630 /* subViews.swift in Sources */,
				58BF74D52865FA5C00A471B9 /* CumberbatchViewController.swift in Sources */,
				58EBB2062866545B004AA444 /* MovieDetailsViewController.swift in Sources */,
				58BF74D12865FA5C00A471B9 /* AppDelegate.swift in Sources */,
				58BF74DB2865FA5C00A471B9 /* The_Benedict_Cumberbatch_App.xcdatamodeld in Sources */,
				58BF74D32865FA5C00A471B9 /* SceneDelegate.swift in Sources */,
				58EBB2032866437C004AA444 /* UIView.swift in Sources */,
				58EBB1FF2866043F004AA444 /* LoadCumberbatchMovies.swift in Sources */,
				58750BAE286A087000B5F4CE /* MoviesResults.swift in Sources */,
			);
			runOnlyForDeploymentPostprocessing = 0;
		};
/* End PBXSourcesBuildPhase section */

/* Begin PBXTargetDependency section */
		58A870B6286A5C300041B840 /* PBXTargetDependency */ = {
			isa = PBXTargetDependency;
			target = 58BF74CC2865FA5C00A471B9 /* The Benedict Cumberbatch App */;
			targetProxy = 58A870B5286A5C300041B840 /* PBXContainerItemProxy */;
		};
		58A870C5286A6A980041B840 /* PBXTargetDependency */ = {
			isa = PBXTargetDependency;
			target = 58BF74CC2865FA5C00A471B9 /* The Benedict Cumberbatch App */;
			targetProxy = 58A870C4286A6A980041B840 /* PBXContainerItemProxy */;
		};
/* End PBXTargetDependency section */

/* Begin PBXVariantGroup section */
		58BF74DE2865FA5D00A471B9 /* LaunchScreen.storyboard */ = {
			isa = PBXVariantGroup;
			children = (
				58BF74DF2865FA5D00A471B9 /* Base */,
			);
			name = LaunchScreen.storyboard;
			sourceTree = "<group>";
		};
/* End PBXVariantGroup section */

/* Begin XCBuildConfiguration section */
		58A870B7286A5C300041B840 /* Debug */ = {
			isa = XCBuildConfiguration;
			buildSettings = {
				BUNDLE_LOADER = "$(TEST_HOST)";
				CODE_SIGN_STYLE = Automatic;
				CURRENT_PROJECT_VERSION = 1;
				GENERATE_INFOPLIST_FILE = YES;
				MARKETING_VERSION = 1.0;
				PRODUCT_BUNDLE_IDENTIFIER = "com.IncomeExpenseApp.IncomeExpenseApp.The-Benedict-Cumberbatch-AppTests";
				PRODUCT_NAME = "$(TARGET_NAME)";
				SWIFT_EMIT_LOC_STRINGS = NO;
				SWIFT_VERSION = 5.0;
				TARGETED_DEVICE_FAMILY = "1,2";
				TEST_HOST = "$(BUILT_PRODUCTS_DIR)/The Benedict Cumberbatch App.app/The Benedict Cumberbatch App";
			};
			name = Debug;
		};
		58A870B8286A5C300041B840 /* Release */ = {
			isa = XCBuildConfiguration;
			buildSettings = {
				BUNDLE_LOADER = "$(TEST_HOST)";
				CODE_SIGN_STYLE = Automatic;
				CURRENT_PROJECT_VERSION = 1;
				GENERATE_INFOPLIST_FILE = YES;
				MARKETING_VERSION = 1.0;
				PRODUCT_BUNDLE_IDENTIFIER = "com.IncomeExpenseApp.IncomeExpenseApp.The-Benedict-Cumberbatch-AppTests";
				PRODUCT_NAME = "$(TARGET_NAME)";
				SWIFT_EMIT_LOC_STRINGS = NO;
				SWIFT_VERSION = 5.0;
				TARGETED_DEVICE_FAMILY = "1,2";
				TEST_HOST = "$(BUILT_PRODUCTS_DIR)/The Benedict Cumberbatch App.app/The Benedict Cumberbatch App";
			};
			name = Release;
		};
		58A870C7286A6A980041B840 /* Debug */ = {
			isa = XCBuildConfiguration;
			buildSettings = {
				CODE_SIGN_STYLE = Automatic;
				CURRENT_PROJECT_VERSION = 1;
				GENERATE_INFOPLIST_FILE = YES;
				MARKETING_VERSION = 1.0;
				PRODUCT_BUNDLE_IDENTIFIER = "com.IncomeExpenseApp.IncomeExpenseApp.The-Benedict-Cumberbatch-AppUITests";
				PRODUCT_NAME = "$(TARGET_NAME)";
				SWIFT_EMIT_LOC_STRINGS = NO;
				SWIFT_VERSION = 5.0;
				TARGETED_DEVICE_FAMILY = "1,2";
				TEST_TARGET_NAME = "The Benedict Cumberbatch App";
			};
			name = Debug;
		};
		58A870C8286A6A980041B840 /* Release */ = {
			isa = XCBuildConfiguration;
			buildSettings = {
				CODE_SIGN_STYLE = Automatic;
				CURRENT_PROJECT_VERSION = 1;
				GENERATE_INFOPLIST_FILE = YES;
				MARKETING_VERSION = 1.0;
				PRODUCT_BUNDLE_IDENTIFIER = "com.IncomeExpenseApp.IncomeExpenseApp.The-Benedict-Cumberbatch-AppUITests";
				PRODUCT_NAME = "$(TARGET_NAME)";
				SWIFT_EMIT_LOC_STRINGS = NO;
				SWIFT_VERSION = 5.0;
				TARGETED_DEVICE_FAMILY = "1,2";
				TEST_TARGET_NAME = "The Benedict Cumberbatch App";
			};
			name = Release;
		};
		58BF74E22865FA5D00A471B9 /* Debug */ = {
			isa = XCBuildConfiguration;
			buildSettings = {
				ALWAYS_SEARCH_USER_PATHS = NO;
				CLANG_ANALYZER_NONNULL = YES;
				CLANG_ANALYZER_NUMBER_OBJECT_CONVERSION = YES_AGGRESSIVE;
				CLANG_CXX_LANGUAGE_STANDARD = "gnu++17";
				CLANG_CXX_LIBRARY = "libc++";
				CLANG_ENABLE_MODULES = YES;
				CLANG_ENABLE_OBJC_ARC = YES;
				CLANG_ENABLE_OBJC_WEAK = YES;
				CLANG_WARN_BLOCK_CAPTURE_AUTORELEASING = YES;
				CLANG_WARN_BOOL_CONVERSION = YES;
				CLANG_WARN_COMMA = YES;
				CLANG_WARN_CONSTANT_CONVERSION = YES;
				CLANG_WARN_DEPRECATED_OBJC_IMPLEMENTATIONS = YES;
				CLANG_WARN_DIRECT_OBJC_ISA_USAGE = YES_ERROR;
				CLANG_WARN_DOCUMENTATION_COMMENTS = YES;
				CLANG_WARN_EMPTY_BODY = YES;
				CLANG_WARN_ENUM_CONVERSION = YES;
				CLANG_WARN_INFINITE_RECURSION = YES;
				CLANG_WARN_INT_CONVERSION = YES;
				CLANG_WARN_NON_LITERAL_NULL_CONVERSION = YES;
				CLANG_WARN_OBJC_IMPLICIT_RETAIN_SELF = YES;
				CLANG_WARN_OBJC_LITERAL_CONVERSION = YES;
				CLANG_WARN_OBJC_ROOT_CLASS = YES_ERROR;
				CLANG_WARN_QUOTED_INCLUDE_IN_FRAMEWORK_HEADER = YES;
				CLANG_WARN_RANGE_LOOP_ANALYSIS = YES;
				CLANG_WARN_STRICT_PROTOTYPES = YES;
				CLANG_WARN_SUSPICIOUS_MOVE = YES;
				CLANG_WARN_UNGUARDED_AVAILABILITY = YES_AGGRESSIVE;
				CLANG_WARN_UNREACHABLE_CODE = YES;
				CLANG_WARN__DUPLICATE_METHOD_MATCH = YES;
				COPY_PHASE_STRIP = NO;
				DEBUG_INFORMATION_FORMAT = dwarf;
				ENABLE_STRICT_OBJC_MSGSEND = YES;
				ENABLE_TESTABILITY = YES;
				GCC_C_LANGUAGE_STANDARD = gnu11;
				GCC_DYNAMIC_NO_PIC = NO;
				GCC_NO_COMMON_BLOCKS = YES;
				GCC_OPTIMIZATION_LEVEL = 0;
				GCC_PREPROCESSOR_DEFINITIONS = (
					"DEBUG=1",
					"$(inherited)",
				);
				GCC_WARN_64_TO_32_BIT_CONVERSION = YES;
				GCC_WARN_ABOUT_RETURN_TYPE = YES_ERROR;
				GCC_WARN_UNDECLARED_SELECTOR = YES;
				GCC_WARN_UNINITIALIZED_AUTOS = YES_AGGRESSIVE;
				GCC_WARN_UNUSED_FUNCTION = YES;
				GCC_WARN_UNUSED_VARIABLE = YES;
				IPHONEOS_DEPLOYMENT_TARGET = 15.2;
				MTL_ENABLE_DEBUG_INFO = INCLUDE_SOURCE;
				MTL_FAST_MATH = YES;
				ONLY_ACTIVE_ARCH = YES;
				SDKROOT = iphoneos;
				SWIFT_ACTIVE_COMPILATION_CONDITIONS = DEBUG;
				SWIFT_OPTIMIZATION_LEVEL = "-Onone";
			};
			name = Debug;
		};
		58BF74E32865FA5D00A471B9 /* Release */ = {
			isa = XCBuildConfiguration;
			buildSettings = {
				ALWAYS_SEARCH_USER_PATHS = NO;
				CLANG_ANALYZER_NONNULL = YES;
				CLANG_ANALYZER_NUMBER_OBJECT_CONVERSION = YES_AGGRESSIVE;
				CLANG_CXX_LANGUAGE_STANDARD = "gnu++17";
				CLANG_CXX_LIBRARY = "libc++";
				CLANG_ENABLE_MODULES = YES;
				CLANG_ENABLE_OBJC_ARC = YES;
				CLANG_ENABLE_OBJC_WEAK = YES;
				CLANG_WARN_BLOCK_CAPTURE_AUTORELEASING = YES;
				CLANG_WARN_BOOL_CONVERSION = YES;
				CLANG_WARN_COMMA = YES;
				CLANG_WARN_CONSTANT_CONVERSION = YES;
				CLANG_WARN_DEPRECATED_OBJC_IMPLEMENTATIONS = YES;
				CLANG_WARN_DIRECT_OBJC_ISA_USAGE = YES_ERROR;
				CLANG_WARN_DOCUMENTATION_COMMENTS = YES;
				CLANG_WARN_EMPTY_BODY = YES;
				CLANG_WARN_ENUM_CONVERSION = YES;
				CLANG_WARN_INFINITE_RECURSION = YES;
				CLANG_WARN_INT_CONVERSION = YES;
				CLANG_WARN_NON_LITERAL_NULL_CONVERSION = YES;
				CLANG_WARN_OBJC_IMPLICIT_RETAIN_SELF = YES;
				CLANG_WARN_OBJC_LITERAL_CONVERSION = YES;
				CLANG_WARN_OBJC_ROOT_CLASS = YES_ERROR;
				CLANG_WARN_QUOTED_INCLUDE_IN_FRAMEWORK_HEADER = YES;
				CLANG_WARN_RANGE_LOOP_ANALYSIS = YES;
				CLANG_WARN_STRICT_PROTOTYPES = YES;
				CLANG_WARN_SUSPICIOUS_MOVE = YES;
				CLANG_WARN_UNGUARDED_AVAILABILITY = YES_AGGRESSIVE;
				CLANG_WARN_UNREACHABLE_CODE = YES;
				CLANG_WARN__DUPLICATE_METHOD_MATCH = YES;
				COPY_PHASE_STRIP = NO;
				DEBUG_INFORMATION_FORMAT = "dwarf-with-dsym";
				ENABLE_NS_ASSERTIONS = NO;
				ENABLE_STRICT_OBJC_MSGSEND = YES;
				GCC_C_LANGUAGE_STANDARD = gnu11;
				GCC_NO_COMMON_BLOCKS = YES;
				GCC_WARN_64_TO_32_BIT_CONVERSION = YES;
				GCC_WARN_ABOUT_RETURN_TYPE = YES_ERROR;
				GCC_WARN_UNDECLARED_SELECTOR = YES;
				GCC_WARN_UNINITIALIZED_AUTOS = YES_AGGRESSIVE;
				GCC_WARN_UNUSED_FUNCTION = YES;
				GCC_WARN_UNUSED_VARIABLE = YES;
				IPHONEOS_DEPLOYMENT_TARGET = 15.2;
				MTL_ENABLE_DEBUG_INFO = NO;
				MTL_FAST_MATH = YES;
				SDKROOT = iphoneos;
				SWIFT_COMPILATION_MODE = wholemodule;
				SWIFT_OPTIMIZATION_LEVEL = "-O";
				VALIDATE_PRODUCT = YES;
			};
			name = Release;
		};
		58BF74E52865FA5D00A471B9 /* Debug */ = {
			isa = XCBuildConfiguration;
			buildSettings = {
				ASSETCATALOG_COMPILER_APPICON_NAME = AppIcon;
				ASSETCATALOG_COMPILER_GLOBAL_ACCENT_COLOR_NAME = AccentColor;
				CODE_SIGN_STYLE = Automatic;
				CURRENT_PROJECT_VERSION = 1;
				GENERATE_INFOPLIST_FILE = YES;
				INFOPLIST_FILE = "The Benedict Cumberbatch App/Info.plist";
				INFOPLIST_KEY_UIApplicationSupportsIndirectInputEvents = YES;
				INFOPLIST_KEY_UILaunchStoryboardName = LaunchScreen;
				INFOPLIST_KEY_UISupportedInterfaceOrientations = UIInterfaceOrientationPortrait;
				INFOPLIST_KEY_UISupportedInterfaceOrientations_iPad = "UIInterfaceOrientationPortrait UIInterfaceOrientationPortraitUpsideDown UIInterfaceOrientationLandscapeLeft UIInterfaceOrientationLandscapeRight";
				INFOPLIST_KEY_UISupportedInterfaceOrientations_iPhone = "UIInterfaceOrientationPortrait UIInterfaceOrientationLandscapeLeft UIInterfaceOrientationLandscapeRight";
				LD_RUNPATH_SEARCH_PATHS = (
					"$(inherited)",
					"@executable_path/Frameworks",
				);
				MARKETING_VERSION = 1.0;
				PRODUCT_BUNDLE_IDENTIFIER = "com.TheBCumberbatchapp.TheBCumberbatchapp.The-Benedict-Cumberbatch-App";
				PRODUCT_NAME = "$(TARGET_NAME)";
				SWIFT_EMIT_LOC_STRINGS = YES;
				SWIFT_VERSION = 5.0;
				TARGETED_DEVICE_FAMILY = "1,2";
			};
			name = Debug;
		};
		58BF74E62865FA5D00A471B9 /* Release */ = {
			isa = XCBuildConfiguration;
			buildSettings = {
				ASSETCATALOG_COMPILER_APPICON_NAME = AppIcon;
				ASSETCATALOG_COMPILER_GLOBAL_ACCENT_COLOR_NAME = AccentColor;
				CODE_SIGN_STYLE = Automatic;
				CURRENT_PROJECT_VERSION = 1;
				GENERATE_INFOPLIST_FILE = YES;
				INFOPLIST_FILE = "The Benedict Cumberbatch App/Info.plist";
				INFOPLIST_KEY_UIApplicationSupportsIndirectInputEvents = YES;
				INFOPLIST_KEY_UILaunchStoryboardName = LaunchScreen;
				INFOPLIST_KEY_UISupportedInterfaceOrientations = UIInterfaceOrientationPortrait;
				INFOPLIST_KEY_UISupportedInterfaceOrientations_iPad = "UIInterfaceOrientationPortrait UIInterfaceOrientationPortraitUpsideDown UIInterfaceOrientationLandscapeLeft UIInterfaceOrientationLandscapeRight";
				INFOPLIST_KEY_UISupportedInterfaceOrientations_iPhone = "UIInterfaceOrientationPortrait UIInterfaceOrientationLandscapeLeft UIInterfaceOrientationLandscapeRight";
				LD_RUNPATH_SEARCH_PATHS = (
					"$(inherited)",
					"@executable_path/Frameworks",
				);
				MARKETING_VERSION = 1.0;
				PRODUCT_BUNDLE_IDENTIFIER = "com.TheBCumberbatchapp.TheBCumberbatchapp.The-Benedict-Cumberbatch-App";
				PRODUCT_NAME = "$(TARGET_NAME)";
				SWIFT_EMIT_LOC_STRINGS = YES;
				SWIFT_VERSION = 5.0;
				TARGETED_DEVICE_FAMILY = "1,2";
			};
			name = Release;
		};
/* End XCBuildConfiguration section */

/* Begin XCConfigurationList section */
		58A870B9286A5C300041B840 /* Build configuration list for PBXNativeTarget "The Benedict Cumberbatch AppTests" */ = {
			isa = XCConfigurationList;
			buildConfigurations = (
				58A870B7286A5C300041B840 /* Debug */,
				58A870B8286A5C300041B840 /* Release */,
			);
			defaultConfigurationIsVisible = 0;
			defaultConfigurationName = Release;
		};
		58A870C6286A6A980041B840 /* Build configuration list for PBXNativeTarget "The Benedict Cumberbatch AppUITests" */ = {
			isa = XCConfigurationList;
			buildConfigurations = (
				58A870C7286A6A980041B840 /* Debug */,
				58A870C8286A6A980041B840 /* Release */,
			);
			defaultConfigurationIsVisible = 0;
			defaultConfigurationName = Release;
		};
		58BF74C82865FA5C00A471B9 /* Build configuration list for PBXProject "The Benedict Cumberbatch App" */ = {
			isa = XCConfigurationList;
			buildConfigurations = (
				58BF74E22865FA5D00A471B9 /* Debug */,
				58BF74E32865FA5D00A471B9 /* Release */,
			);
			defaultConfigurationIsVisible = 0;
			defaultConfigurationName = Release;
		};
		58BF74E42865FA5D00A471B9 /* Build configuration list for PBXNativeTarget "The Benedict Cumberbatch App" */ = {
			isa = XCConfigurationList;
			buildConfigurations = (
				58BF74E52865FA5D00A471B9 /* Debug */,
				58BF74E62865FA5D00A471B9 /* Release */,
			);
			defaultConfigurationIsVisible = 0;
			defaultConfigurationName = Release;
		};
/* End XCConfigurationList section */

/* Begin XCVersionGroup section */
		58BF74D92865FA5C00A471B9 /* The_Benedict_Cumberbatch_App.xcdatamodeld */ = {
			isa = XCVersionGroup;
			children = (
				58BF74DA2865FA5C00A471B9 /* The_Benedict_Cumberbatch_App.xcdatamodel */,
			);
			currentVersion = 58BF74DA2865FA5C00A471B9 /* The_Benedict_Cumberbatch_App.xcdatamodel */;
			path = The_Benedict_Cumberbatch_App.xcdatamodeld;
			sourceTree = "<group>";
			versionGroupType = wrapper.xcdatamodel;
		};
/* End XCVersionGroup section */
	};
	rootObject = 58BF74C52865FA5C00A471B9 /* Project object */;
}
